Microsoft Visual Studio Solution File, Format Version 12.00
# Visual Studio 15
VisualStudioVersion = 15.0.26403.0
MinimumVisualStudioVersion = 10.0.40219.1
Project("{9A19103F-16F7-4668-BE54-9A1E7A4F7556}") = "Microphone.Core", "Microphone.Core\Microphone.Core.csproj", "{7A418687-1FFB-45C6-89BD-C0F0D9910C0D}"
EndProject
Project("{9A19103F-16F7-4668-BE54-9A1E7A4F7556}") = "Microphone.Etcd", "Microphone.Etcd\Microphone.Etcd.csproj", "{9BB9BD2B-82D8-4EBF-823D-8D4AC5FB8F5C}"
EndProject
Project("{F2A71F9B-5D33-465A-A702-920D77279786}") = "Microphone.Suave", "Microphone.Suave\Microphone.Suave.fsproj", "{EEB92EF8-1404-4E37-AEA3-B2F54BCAC267}"
EndProject
Project("{2150E333-8FDC-42A3-9474-1A3956D46DE8}") = "Examples", "Examples", "{5D1DDEDF-5EAA-4C10-9A28-756025BC03B0}"
EndProject
Project("{F2A71F9B-5D33-465A-A702-920D77279786}") = "SuaveDemo", "examples\Suave\SuaveDemo.fsproj", "{19B3109D-197A-48DC-88D5-4A9EAD0C255F}"
EndProject
Project("{9A19103F-16F7-4668-BE54-9A1E7A4F7556}") = "Microphone.Nancy", "Microphone.Nancy\Microphone.Nancy.csproj", "{3988EEBA-A664-4815-91F8-B4E63287D9EE}"
EndProject
Project("{FAE04EC0-301F-11D3-BF4B-00C04F79EFBC}") = "NancyDemo", "examples\Nancy\NancyDemo.csproj", "{246C633C-BEBF-4BFE-B724-CC484273A806}"
EndProject
Project("{9A19103F-16F7-4668-BE54-9A1E7A4F7556}") = "AspNetCoreDemo", "AspNetCoreDemo\AspNetCoreDemo.csproj", "{46A94993-2FEF-443E-BAF7-8404A60415F1}"
EndProject
Project("{9A19103F-16F7-4668-BE54-9A1E7A4F7556}") = "Microphone.AspNet", "Microphone.AspNet\Microphone.AspNet.csproj", "{A528336E-6C99-4C2C-A4AE-1886F7E65164}"
EndProject
Project("{9A19103F-16F7-4668-BE54-9A1E7A4F7556}") = "Microphone.Rancher", "Microphone.Rancher\Microphone.Rancher.csproj", "{E395140C-1DE2-40FA-892C-9059ADE5B724}"
EndProject
Project("{9A19103F-16F7-4668-BE54-9A1E7A4F7556}") = "Service1", "Service1\Service1.csproj", "{2F027E6E-6C6E-43AE-B679-8909262D8AB8}"
EndProject
Project("{9A19103F-16F7-4668-BE54-9A1E7A4F7556}") = "Service2", "Service2\Service2.csproj", "{9F2A3CE3-7624-430A-98F8-7B2105365E88}"
EndProject
Global
	GlobalSection(SolutionConfigurationPlatforms) = preSolution
		Debug|Any CPU = Debug|Any CPU
		Debug|x64 = Debug|x64
		Debug|x86 = Debug|x86
		Release|Any CPU = Release|Any CPU
		Release|x64 = Release|x64
		Release|x86 = Release|x86
	EndGlobalSection
	GlobalSection(ProjectConfigurationPlatforms) = postSolution
		{7A418687-1FFB-45C6-89BD-C0F0D9910C0D}.Debug|Any CPU.ActiveCfg = Debug|Any CPU
		{7A418687-1FFB-45C6-89BD-C0F0D9910C0D}.Debug|Any CPU.Build.0 = Debug|Any CPU
		{7A418687-1FFB-45C6-89BD-C0F0D9910C0D}.Debug|x64.ActiveCfg = Debug|Any CPU
		{7A418687-1FFB-45C6-89BD-C0F0D9910C0D}.Debug|x64.Build.0 = Debug|Any CPU
		{7A418687-1FFB-45C6-89BD-C0F0D9910C0D}.Debug|x86.ActiveCfg = Debug|Any CPU
		{7A418687-1FFB-45C6-89BD-C0F0D9910C0D}.Debug|x86.Build.0 = Debug|Any CPU
		{7A418687-1FFB-45C6-89BD-C0F0D9910C0D}.Release|Any CPU.ActiveCfg = Release|Any CPU
		{7A418687-1FFB-45C6-89BD-C0F0D9910C0D}.Release|Any CPU.Build.0 = Release|Any CPU
		{7A418687-1FFB-45C6-89BD-C0F0D9910C0D}.Release|x64.ActiveCfg = Release|Any CPU
		{7A418687-1FFB-45C6-89BD-C0F0D9910C0D}.Release|x64.Build.0 = Release|Any CPU
		{7A418687-1FFB-45C6-89BD-C0F0D9910C0D}.Release|x86.ActiveCfg = Release|Any CPU
		{7A418687-1FFB-45C6-89BD-C0F0D9910C0D}.Release|x86.Build.0 = Release|Any CPU
		{9BB9BD2B-82D8-4EBF-823D-8D4AC5FB8F5C}.Debug|Any CPU.ActiveCfg = Debug|Any CPU
		{9BB9BD2B-82D8-4EBF-823D-8D4AC5FB8F5C}.Debug|Any CPU.Build.0 = Debug|Any CPU
		{9BB9BD2B-82D8-4EBF-823D-8D4AC5FB8F5C}.Debug|x64.ActiveCfg = Debug|Any CPU
		{9BB9BD2B-82D8-4EBF-823D-8D4AC5FB8F5C}.Debug|x64.Build.0 = Debug|Any CPU
		{9BB9BD2B-82D8-4EBF-823D-8D4AC5FB8F5C}.Debug|x86.ActiveCfg = Debug|Any CPU
		{9BB9BD2B-82D8-4EBF-823D-8D4AC5FB8F5C}.Debug|x86.Build.0 = Debug|Any CPU
		{9BB9BD2B-82D8-4EBF-823D-8D4AC5FB8F5C}.Release|Any CPU.ActiveCfg = Release|Any CPU
		{9BB9BD2B-82D8-4EBF-823D-8D4AC5FB8F5C}.Release|Any CPU.Build.0 = Release|Any CPU
		{9BB9BD2B-82D8-4EBF-823D-8D4AC5FB8F5C}.Release|x64.ActiveCfg = Release|Any CPU
		{9BB9BD2B-82D8-4EBF-823D-8D4AC5FB8F5C}.Release|x64.Build.0 = Release|Any CPU
		{9BB9BD2B-82D8-4EBF-823D-8D4AC5FB8F5C}.Release|x86.ActiveCfg = Release|Any CPU
		{9BB9BD2B-82D8-4EBF-823D-8D4AC5FB8F5C}.Release|x86.Build.0 = Release|Any CPU
		{EEB92EF8-1404-4E37-AEA3-B2F54BCAC267}.Debug|Any CPU.ActiveCfg = Debug|Any CPU
		{EEB92EF8-1404-4E37-AEA3-B2F54BCAC267}.Debug|Any CPU.Build.0 = Debug|Any CPU
		{EEB92EF8-1404-4E37-AEA3-B2F54BCAC267}.Debug|x64.ActiveCfg = Debug|Any CPU
		{EEB92EF8-1404-4E37-AEA3-B2F54BCAC267}.Debug|x64.Build.0 = Debug|Any CPU
		{EEB92EF8-1404-4E37-AEA3-B2F54BCAC267}.Debug|x86.ActiveCfg = Debug|Any CPU
		{EEB92EF8-1404-4E37-AEA3-B2F54BCAC267}.Debug|x86.Build.0 = Debug|Any CPU
		{EEB92EF8-1404-4E37-AEA3-B2F54BCAC267}.Release|Any CPU.ActiveCfg = Release|Any CPU
		{EEB92EF8-1404-4E37-AEA3-B2F54BCAC267}.Release|Any CPU.Build.0 = Release|Any CPU
		{EEB92EF8-1404-4E37-AEA3-B2F54BCAC267}.Release|x64.ActiveCfg = Release|Any CPU
		{EEB92EF8-1404-4E37-AEA3-B2F54BCAC267}.Release|x64.Build.0 = Release|Any CPU
		{EEB92EF8-1404-4E37-AEA3-B2F54BCAC267}.Release|x86.ActiveCfg = Release|Any CPU
		{EEB92EF8-1404-4E37-AEA3-B2F54BCAC267}.Release|x86.Build.0 = Release|Any CPU
		{19B3109D-197A-48DC-88D5-4A9EAD0C255F}.Debug|Any CPU.ActiveCfg = Debug|Any CPU
		{19B3109D-197A-48DC-88D5-4A9EAD0C255F}.Debug|Any CPU.Build.0 = Debug|Any CPU
		{19B3109D-197A-48DC-88D5-4A9EAD0C255F}.Debug|x64.ActiveCfg = Debug|Any CPU
		{19B3109D-197A-48DC-88D5-4A9EAD0C255F}.Debug|x64.Build.0 = Debug|Any CPU
		{19B3109D-197A-48DC-88D5-4A9EAD0C255F}.Debug|x86.ActiveCfg = Debug|Any CPU
		{19B3109D-197A-48DC-88D5-4A9EAD0C255F}.Debug|x86.Build.0 = Debug|Any CPU
		{19B3109D-197A-48DC-88D5-4A9EAD0C255F}.Release|Any CPU.ActiveCfg = Release|Any CPU
		{19B3109D-197A-48DC-88D5-4A9EAD0C255F}.Release|Any CPU.Build.0 = Release|Any CPU
		{19B3109D-197A-48DC-88D5-4A9EAD0C255F}.Release|x64.ActiveCfg = Release|Any CPU
		{19B3109D-197A-48DC-88D5-4A9EAD0C255F}.Release|x64.Build.0 = Release|Any CPU
		{19B3109D-197A-48DC-88D5-4A9EAD0C255F}.Release|x86.ActiveCfg = Release|Any CPU
		{19B3109D-197A-48DC-88D5-4A9EAD0C255F}.Release|x86.Build.0 = Release|Any CPU
		{3988EEBA-A664-4815-91F8-B4E63287D9EE}.Debug|Any CPU.ActiveCfg = Debug|Any CPU
		{3988EEBA-A664-4815-91F8-B4E63287D9EE}.Debug|Any CPU.Build.0 = Debug|Any CPU
		{3988EEBA-A664-4815-91F8-B4E63287D9EE}.Debug|x64.ActiveCfg = Debug|Any CPU
		{3988EEBA-A664-4815-91F8-B4E63287D9EE}.Debug|x64.Build.0 = Debug|Any CPU
		{3988EEBA-A664-4815-91F8-B4E63287D9EE}.Debug|x86.ActiveCfg = Debug|Any CPU
		{3988EEBA-A664-4815-91F8-B4E63287D9EE}.Debug|x86.Build.0 = Debug|Any CPU
		{3988EEBA-A664-4815-91F8-B4E63287D9EE}.Release|Any CPU.ActiveCfg = Release|Any CPU
		{3988EEBA-A664-4815-91F8-B4E63287D9EE}.Release|Any CPU.Build.0 = Release|Any CPU
		{3988EEBA-A664-4815-91F8-B4E63287D9EE}.Release|x64.ActiveCfg = Release|Any CPU
		{3988EEBA-A664-4815-91F8-B4E63287D9EE}.Release|x64.Build.0 = Release|Any CPU
		{3988EEBA-A664-4815-91F8-B4E63287D9EE}.Release|x86.ActiveCfg = Release|Any CPU
		{3988EEBA-A664-4815-91F8-B4E63287D9EE}.Release|x86.Build.0 = Release|Any CPU
		{246C633C-BEBF-4BFE-B724-CC484273A806}.Debug|Any CPU.ActiveCfg = Debug|Any CPU
		{246C633C-BEBF-4BFE-B724-CC484273A806}.Debug|Any CPU.Build.0 = Debug|Any CPU
		{246C633C-BEBF-4BFE-B724-CC484273A806}.Debug|x64.ActiveCfg = Debug|Any CPU
		{246C633C-BEBF-4BFE-B724-CC484273A806}.Debug|x64.Build.0 = Debug|Any CPU
		{246C633C-BEBF-4BFE-B724-CC484273A806}.Debug|x86.ActiveCfg = Debug|Any CPU
		{246C633C-BEBF-4BFE-B724-CC484273A806}.Debug|x86.Build.0 = Debug|Any CPU
		{246C633C-BEBF-4BFE-B724-CC484273A806}.Release|Any CPU.ActiveCfg = Release|Any CPU
		{246C633C-BEBF-4BFE-B724-CC484273A806}.Release|Any CPU.Build.0 = Release|Any CPU
		{246C633C-BEBF-4BFE-B724-CC484273A806}.Release|x64.ActiveCfg = Release|Any CPU
		{246C633C-BEBF-4BFE-B724-CC484273A806}.Release|x64.Build.0 = Release|Any CPU
		{246C633C-BEBF-4BFE-B724-CC484273A806}.Release|x86.ActiveCfg = Release|Any CPU
		{246C633C-BEBF-4BFE-B724-CC484273A806}.Release|x86.Build.0 = Release|Any CPU
		{46A94993-2FEF-443E-BAF7-8404A60415F1}.Debug|Any CPU.ActiveCfg = Debug|Any CPU
		{46A94993-2FEF-443E-BAF7-8404A60415F1}.Debug|Any CPU.Build.0 = Debug|Any CPU
		{46A94993-2FEF-443E-BAF7-8404A60415F1}.Debug|x64.ActiveCfg = Debug|Any CPU
		{46A94993-2FEF-443E-BAF7-8404A60415F1}.Debug|x64.Build.0 = Debug|Any CPU
		{46A94993-2FEF-443E-BAF7-8404A60415F1}.Debug|x86.ActiveCfg = Debug|Any CPU
		{46A94993-2FEF-443E-BAF7-8404A60415F1}.Debug|x86.Build.0 = Debug|Any CPU
		{46A94993-2FEF-443E-BAF7-8404A60415F1}.Release|Any CPU.ActiveCfg = Release|Any CPU
		{46A94993-2FEF-443E-BAF7-8404A60415F1}.Release|Any CPU.Build.0 = Release|Any CPU
		{46A94993-2FEF-443E-BAF7-8404A60415F1}.Release|x64.ActiveCfg = Release|Any CPU
		{46A94993-2FEF-443E-BAF7-8404A60415F1}.Release|x64.Build.0 = Release|Any CPU
		{46A94993-2FEF-443E-BAF7-8404A60415F1}.Release|x86.ActiveCfg = Release|Any CPU
		{46A94993-2FEF-443E-BAF7-8404A60415F1}.Release|x86.Build.0 = Release|Any CPU
		{A528336E-6C99-4C2C-A4AE-1886F7E65164}.Debug|Any CPU.ActiveCfg = Debug|Any CPU
		{A528336E-6C99-4C2C-A4AE-1886F7E65164}.Debug|Any CPU.Build.0 = Debug|Any CPU
		{A528336E-6C99-4C2C-A4AE-1886F7E65164}.Debug|x64.ActiveCfg = Debug|Any CPU
		{A528336E-6C99-4C2C-A4AE-1886F7E65164}.Debug|x64.Build.0 = Debug|Any CPU
		{A528336E-6C99-4C2C-A4AE-1886F7E65164}.Debug|x86.ActiveCfg = Debug|Any CPU
		{A528336E-6C99-4C2C-A4AE-1886F7E65164}.Debug|x86.Build.0 = Debug|Any CPU
		{A528336E-6C99-4C2C-A4AE-1886F7E65164}.Release|Any CPU.ActiveCfg = Release|Any CPU
		{A528336E-6C99-4C2C-A4AE-1886F7E65164}.Release|Any CPU.Build.0 = Release|Any CPU
		{A528336E-6C99-4C2C-A4AE-1886F7E65164}.Release|x64.ActiveCfg = Release|Any CPU
		{A528336E-6C99-4C2C-A4AE-1886F7E65164}.Release|x64.Build.0 = Release|Any CPU
		{A528336E-6C99-4C2C-A4AE-1886F7E65164}.Release|x86.ActiveCfg = Release|Any CPU
		{A528336E-6C99-4C2C-A4AE-1886F7E65164}.Release|x86.Build.0 = Release|Any CPU
		{E395140C-1DE2-40FA-892C-9059ADE5B724}.Debug|Any CPU.ActiveCfg = Debug|Any CPU
		{E395140C-1DE2-40FA-892C-9059ADE5B724}.Debug|Any CPU.Build.0 = Debug|Any CPU
		{E395140C-1DE2-40FA-892C-9059ADE5B724}.Debug|x64.ActiveCfg = Debug|Any CPU
		{E395140C-1DE2-40FA-892C-9059ADE5B724}.Debug|x64.Build.0 = Debug|Any CPU
		{E395140C-1DE2-40FA-892C-9059ADE5B724}.Debug|x86.ActiveCfg = Debug|Any CPU
		{E395140C-1DE2-40FA-892C-9059ADE5B724}.Debug|x86.Build.0 = Debug|Any CPU
		{E395140C-1DE2-40FA-892C-9059ADE5B724}.Release|Any CPU.ActiveCfg = Release|Any CPU
		{E395140C-1DE2-40FA-892C-9059ADE5B724}.Release|Any CPU.Build.0 = Release|Any CPU
		{E395140C-1DE2-40FA-892C-9059ADE5B724}.Release|x64.ActiveCfg = Release|Any CPU
		{E395140C-1DE2-40FA-892C-9059ADE5B724}.Release|x64.Build.0 = Release|Any CPU
		{E395140C-1DE2-40FA-892C-9059ADE5B724}.Release|x86.ActiveCfg = Release|Any CPU
		{E395140C-1DE2-40FA-892C-9059ADE5B724}.Release|x86.Build.0 = Release|Any CPU
		{2F027E6E-6C6E-43AE-B679-8909262D8AB8}.Debug|Any CPU.ActiveCfg = Debug|Any CPU
		{2F027E6E-6C6E-43AE-B679-8909262D8AB8}.Debug|Any CPU.Build.0 = Debug|Any CPU
		{2F027E6E-6C6E-43AE-B679-8909262D8AB8}.Debug|x64.ActiveCfg = Debug|Any CPU
		{2F027E6E-6C6E-43AE-B679-8909262D8AB8}.Debug|x64.Build.0 = Debug|Any CPU
		{2F027E6E-6C6E-43AE-B679-8909262D8AB8}.Debug|x86.ActiveCfg = Debug|Any CPU
		{2F027E6E-6C6E-43AE-B679-8909262D8AB8}.Debug|x86.Build.0 = Debug|Any CPU
		{2F027E6E-6C6E-43AE-B679-8909262D8AB8}.Release|Any CPU.ActiveCfg = Release|Any CPU
		{2F027E6E-6C6E-43AE-B679-8909262D8AB8}.Release|Any CPU.Build.0 = Release|Any CPU
		{2F027E6E-6C6E-43AE-B679-8909262D8AB8}.Release|x64.ActiveCfg = Release|Any CPU
		{2F027E6E-6C6E-43AE-B679-8909262D8AB8}.Release|x64.Build.0 = Release|Any CPU
		{2F027E6E-6C6E-43AE-B679-8909262D8AB8}.Release|x86.ActiveCfg = Release|Any CPU
		{2F027E6E-6C6E-43AE-B679-8909262D8AB8}.Release|x86.Build.0 = Release|Any CPU
		{9F2A3CE3-7624-430A-98F8-7B2105365E88}.Debug|Any CPU.ActiveCfg = Debug|Any CPU
		{9F2A3CE3-7624-430A-98F8-7B2105365E88}.Debug|Any CPU.Build.0 = Debug|Any CPU
		{9F2A3CE3-7624-430A-98F8-7B2105365E88}.Debug|x64.ActiveCfg = Debug|Any CPU
		{9F2A3CE3-7624-430A-98F8-7B2105365E88}.Debug|x64.Build.0 = Debug|Any CPU
		{9F2A3CE3-7624-430A-98F8-7B2105365E88}.Debug|x86.ActiveCfg = Debug|Any CPU
		{9F2A3CE3-7624-430A-98F8-7B2105365E88}.Debug|x86.Build.0 = Debug|Any CPU
		{9F2A3CE3-7624-430A-98F8-7B2105365E88}.Release|Any CPU.ActiveCfg = Release|Any CPU
		{9F2A3CE3-7624-430A-98F8-7B2105365E88}.Release|Any CPU.Build.0 = Release|Any CPU
		{9F2A3CE3-7624-430A-98F8-7B2105365E88}.Release|x64.ActiveCfg = Release|Any CPU
		{9F2A3CE3-7624-430A-98F8-7B2105365E88}.Release|x64.Build.0 = Release|Any CPU
		{9F2A3CE3-7624-430A-98F8-7B2105365E88}.Release|x86.ActiveCfg = Release|Any CPU
		{9F2A3CE3-7624-430A-98F8-7B2105365E88}.Release|x86.Build.0 = Release|Any CPU
	EndGlobalSection
	GlobalSection(SolutionProperties) = preSolution
		HideSolutionNode = FALSE
	EndGlobalSection
	GlobalSection(NestedProjects) = preSolution
		{19B3109D-197A-48DC-88D5-4A9EAD0C255F} = {5D1DDEDF-5EAA-4C10-9A28-756025BC03B0}
		{246C633C-BEBF-4BFE-B724-CC484273A806} = {5D1DDEDF-5EAA-4C10-9A28-756025BC03B0}
	EndGlobalSection
EndGlobal
